<?xml version="1.0" encoding="utf-8"?>
<Project ToolsVersion="4.0" xmlns="http://schemas.microsoft.com/developer/msbuild/2003">
  <ItemGroup>
    <Filter Include="Source Files">
      <UniqueIdentifier>{4FC737F1-C7A5-4376-A066-2A32D752A2FF}</UniqueIdentifier>
      <Extensions>cpp;c;cc;cxx;c++;cppm;ixx;def;odl;idl;hpj;bat;asm;asmx</Extensions>
    </Filter>
    <Filter Include="Header Files">
      <UniqueIdentifier>{93995380-89BD-4b04-88EB-625FBE52EBFB}</UniqueIdentifier>
      <Extensions>h;hh;hpp;hxx;h++;hm;inl;inc;ipp;xsd</Extensions>
    </Filter>
    <Filter Include="Resource Files">
      <UniqueIdentifier>{67DA6AB6-F800-4c08-8B7A-83BB121AAD01}</UniqueIdentifier>
      <Extensions>rc;ico;cur;bmp;dlg;rc2;rct;bin;rgs;gif;jpg;jpeg;jpe;resx;tiff;tif;png;wav;mfcribbon-ms</Extensions>
    </Filter>
    <Filter Include="Source Files\WjCrypt Library">
      <UniqueIdentifier>{32dfdd48-cf7a-46a8-a7c5-56c7baf1acd7}</UniqueIdentifier>
    </Filter>
  </ItemGroup>
  <ItemGroup>
    <Text Include="debug.txt" />
  </ItemGroup>
  <ItemGroup>
    <None Include="ClassDiagram.cd" />
  </ItemGroup>
  <ItemGroup>
    <ResourceCompile Include="Resource.rc">
      <Filter>Resource Files</Filter>
    </ResourceCompile>
  </ItemGroup>
  <ItemGroup>
    <Manifest Include="Nano Point of Sale.exe.manifest">
      <Filter>Resource Files</Filter>
    </Manifest>
  </ItemGroup>
  <ItemGroup>
    <ClCompile Include="src\computers gui.c">
      <Filter>Source Files</Filter>
    </ClCompile>
    <ClCompile Include="src\customer_gui.c">
      <Filter>Source Files</Filter>
    </ClCompile>
    <ClCompile Include="src\customers.c">
      <Filter>Source Files</Filter>
    </ClCompile>
    <ClCompile Include="src\inventory gui.c">
      <Filter>Source Files</Filter>
    </ClCompile>
    <ClCompile Include="src\inventory.c">
      <Filter>Source Files</Filter>
    </ClCompile>
    <ClCompile Include="src\IO.c">
      <Filter>Source Files</Filter>
    </ClCompile>
    <ClCompile Include="src\nano Memory.c">
      <Filter>Source Files</Filter>
    </ClCompile>
    <ClCompile Include="src\Nano PoS.c">
      <Filter>Source Files</Filter>
    </ClCompile>
    <ClCompile Include="src\NWC_Main.c">
      <Filter>Source Files</Filter>
    </ClCompile>
    <ClCompile Include="src\printer.c">
      <Filter>Source Files</Filter>
    </ClCompile>
    <ClCompile Include="src\reports.c">
      <Filter>Source Files</Filter>
    </ClCompile>
    <ClCompile Include="src\setup GUI.c">
      <Filter>Source Files</Filter>
    </ClCompile>
    <ClCompile Include="src\sqlite3.c">
      <Filter>Source Files</Filter>
    </ClCompile>
    <ClCompile Include="src\strings.c">
      <Filter>Source Files</Filter>
    </ClCompile>
    <ClCompile Include="src\tickets gui.c">
      <Filter>Source Files</Filter>
    </ClCompile>
    <ClCompile Include="src\tickets.c">
      <Filter>Source Files</Filter>
    </ClCompile>
    <ClCompile Include="src\zipcodes.c">
      <Filter>Source Files</Filter>
    </ClCompile>
    <ClCompile Include="src\db.c">
      <Filter>Source Files</Filter>
    </ClCompile>
    <ClCompile Include="src\calculator.c">
      <Filter>Source Files</Filter>
    </ClCompile>
    <ClCompile Include="src\WJCrypt_Repo\lib\WjCryptLib_Aes.c">
      <Filter>Source Files\WjCrypt Library</Filter>
    </ClCompile>
    <ClCompile Include="src\WJCrypt_Repo\lib\WjCryptLib_AesCbc.c">
      <Filter>Source Files\WjCrypt Library</Filter>
    </ClCompile>
    <ClCompile Include="src\WJCrypt_Repo\lib\WjCryptLib_AesCtr.c">
      <Filter>Source Files\WjCrypt Library</Filter>
    </ClCompile>
    <ClCompile Include="src\WJCrypt_Repo\lib\WjCryptLib_AesOfb.c">
      <Filter>Source Files\WjCrypt Library</Filter>
    </ClCompile>
    <ClCompile Include="src\WJCrypt_Repo\lib\WjCryptLib_Md5.c">
      <Filter>Source Files\WjCrypt Library</Filter>
    </ClCompile>
    <ClCompile Include="src\WJCrypt_Repo\lib\WjCryptLib_Rc4.c">
      <Filter>Source Files\WjCrypt Library</Filter>
    </ClCompile>
    <ClCompile Include="src\WJCrypt_Repo\lib\WjCryptLib_Sha1.c">
      <Filter>Source Files\WjCrypt Library</Filter>
    </ClCompile>
    <ClCompile Include="src\WJCrypt_Repo\lib\WjCryptLib_Sha256.c">
      <Filter>Source Files\WjCrypt Library</Filter>
    </ClCompile>
    <ClCompile Include="src\WJCrypt_Repo\lib\WjCryptLib_Sha512.c">
      <Filter>Source Files\WjCrypt Library</Filter>
    </ClCompile>
  </ItemGroup>
  <ItemGroup>
    <ClInclude Include="src\Nano PoS.h">
      <Filter>Header Files</Filter>
    </ClInclude>
    <ClInclude Include="src\NWC.h">
      <Filter>Header Files</Filter>
    </ClInclude>
    <ClInclude Include="src\resource.h">
      <Filter>Header Files</Filter>
    </ClInclude>
    <ClInclude Include="src\resource1.h">
      <Filter>Header Files</Filter>
    </ClInclude>
    <ClInclude Include="src\sqlite3.h">
      <Filter>Header Files</Filter>
    </ClInclude>
    <ClInclude Include="src\sqlite3ext.h">
      <Filter>Header Files</Filter>
    </ClInclude>
    <ClInclude Include="src\WJCrypt_Repo\lib\WjCryptLib_Aes.h">
      <Filter>Source Files\WjCrypt Library</Filter>
    </ClInclude>
    <ClInclude Include="src\WJCrypt_Repo\lib\WjCryptLib_AesCbc.h">
      <Filter>Source Files\WjCrypt Library</Filter>
    </ClInclude>
    <ClInclude Include="src\WJCrypt_Repo\lib\WjCryptLib_AesCtr.h">
      <Filter>Source Files\WjCrypt Library</Filter>
    </ClInclude>
    <ClInclude Include="src\WJCrypt_Repo\lib\WjCryptLib_AesOfb.h">
      <Filter>Source Files\WjCrypt Library</Filter>
    </ClInclude>
    <ClInclude Include="src\WJCrypt_Repo\lib\WjCryptLib_Md5.h">
      <Filter>Source Files\WjCrypt Library</Filter>
    </ClInclude>
    <ClInclude Include="src\WJCrypt_Repo\lib\WjCryptLib_Rc4.h">
      <Filter>Source Files\WjCrypt Library</Filter>
    </ClInclude>
    <ClInclude Include="src\WJCrypt_Repo\lib\WjCryptLib_Sha1.h">
      <Filter>Source Files\WjCrypt Library</Filter>
    </ClInclude>
    <ClInclude Include="src\WJCrypt_Repo\lib\WjCryptLib_Sha256.h">
      <Filter>Source Files\WjCrypt Library</Filter>
    </ClInclude>
    <ClInclude Include="src\WJCrypt_Repo\lib\WjCryptLib_Sha512.h">
      <Filter>Source Files\WjCrypt Library</Filter>
    </ClInclude>
  </ItemGroup>
</Project>